
Microsoft Visual Studio Solution File, Format Version 12.00
# Visual Studio Version 16
VisualStudioVersion = 16.0.30717.126
MinimumVisualStudioVersion = 10.0.40219.1
Project("{9A19103F-16F7-4668-BE54-9A1E7A4F7556}") = "Grpc.WebApi", "Grpc.WebApi\Grpc.WebApi.csproj", "{D21C6472-2FD4-46F8-802C-3F6BC9584320}"
EndProject
Project("{9A19103F-16F7-4668-BE54-9A1E7A4F7556}") = "Grpc.GrpcNet3.1", "Grpc.GrpcNet3.1\Grpc.GrpcNet3.1.csproj", "{C93CD68E-96E6-4CB6-9690-D0BE787F11A9}"
EndProject
Project("{9A19103F-16F7-4668-BE54-9A1E7A4F7556}") = "Grpc.GrpcNet5", "Grpc.GrpcNet5\Grpc.GrpcNet5.csproj", "{BAEA048C-7CB1-4059-AFEB-8B70D12C8C93}"
EndProject
Project("{FAE04EC0-301F-11D3-BF4B-00C04F79EFBC}") = "Grpc.Clinet", "Grpc.Clinet\Grpc.Clinet.csproj", "{6BD31923-5A27-42A1-87FF-145242245F71}"
EndProject
Global
	GlobalSection(SolutionConfigurationPlatforms) = preSolution
		Debug|Any CPU = Debug|Any CPU
		Release|Any CPU = Release|Any CPU
	EndGlobalSection
	GlobalSection(ProjectConfigurationPlatforms) = postSolution
		{D21C6472-2FD4-46F8-802C-3F6BC9584320}.Debug|Any CPU.ActiveCfg = Debug|Any CPU
		{D21C6472-2FD4-46F8-802C-3F6BC9584320}.Debug|Any CPU.Build.0 = Debug|Any CPU
		{D21C6472-2FD4-46F8-802C-3F6BC9584320}.Release|Any CPU.ActiveCfg = Release|Any CPU
		{D21C6472-2FD4-46F8-802C-3F6BC9584320}.Release|Any CPU.Build.0 = Release|Any CPU
		{C93CD68E-96E6-4CB6-9690-D0BE787F11A9}.Debug|Any CPU.ActiveCfg = Debug|Any CPU
		{C93CD68E-96E6-4CB6-9690-D0BE787F11A9}.Debug|Any CPU.Build.0 = Debug|Any CPU
		{C93CD68E-96E6-4CB6-9690-D0BE787F11A9}.Release|Any CPU.ActiveCfg = Release|Any CPU
		{C93CD68E-96E6-4CB6-9690-D0BE787F11A9}.Release|Any CPU.Build.0 = Release|Any CPU
		{BAEA048C-7CB1-4059-AFEB-8B70D12C8C93}.Debug|Any CPU.ActiveCfg = Debug|Any CPU
		{BAEA048C-7CB1-4059-AFEB-8B70D12C8C93}.Debug|Any CPU.Build.0 = Debug|Any CPU
		{BAEA048C-7CB1-4059-AFEB-8B70D12C8C93}.Release|Any CPU.ActiveCfg = Release|Any CPU
		{BAEA048C-7CB1-4059-AFEB-8B70D12C8C93}.Release|Any CPU.Build.0 = Release|Any CPU
		{6BD31923-5A27-42A1-87FF-145242245F71}.Debug|Any CPU.ActiveCfg = Debug|Any CPU
		{6BD31923-5A27-42A1-87FF-145242245F71}.Debug|Any CPU.Build.0 = Debug|Any CPU
		{6BD31923-5A27-42A1-87FF-145242245F71}.Release|Any CPU.ActiveCfg = Release|Any CPU
		{6BD31923-5A27-42A1-87FF-145242245F71}.Release|Any CPU.Build.0 = Release|Any CPU
	EndGlobalSection
	GlobalSection(SolutionProperties) = preSolution
		HideSolutionNode = FALSE
	EndGlobalSection
	GlobalSection(ExtensibilityGlobals) = postSolution
		SolutionGuid = {16232305-ADD7-417E-87C4-DDF103CFEA07}
	EndGlobalSection
EndGlobal
